
Microsoft Visual Studio Solution File, Format Version 12.00
# Visual Studio Version 17
VisualStudioVersion = 17.9.34701.34
MinimumVisualStudioVersion = 10.0.40219.1
Project("{FAE04EC0-301F-11D3-BF4B-00C04F79EFBC}") = "Projekt PO", "Projekt PO\Projekt PO.csproj", "{7738D913-AFE2-422F-88AB-8D490396E635}"
EndProject
Global
	GlobalSection(SolutionConfigurationPlatforms) = preSolution
		Debug|Any CPU = Debug|Any CPU
		Release|Any CPU = Release|Any CPU
	EndGlobalSection
	GlobalSection(ProjectConfigurationPlatforms) = postSolution
		{7738D913-AFE2-422F-88AB-8D490396E635}.Debug|Any CPU.ActiveCfg = Debug|Any CPU
		{7738D913-AFE2-422F-88AB-8D490396E635}.Debug|Any CPU.Build.0 = Debug|Any CPU
		{7738D913-AFE2-422F-88AB-8D490396E635}.Release|Any CPU.ActiveCfg = Release|Any CPU
		{7738D913-AFE2-422F-88AB-8D490396E635}.Release|Any CPU.Build.0 = Release|Any CPU
	EndGlobalSection
	GlobalSection(SolutionProperties) = preSolution
		HideSolutionNode = FALSE
	EndGlobalSection
	GlobalSection(ExtensibilityGlobals) = postSolution
		SolutionGuid = {918CD4E3-ED38-4722-A21F-D4B9DBE75B05}
	EndGlobalSection
EndGlobal
